{
  "requires": true,
  "lockfileVersion": 1,
  "dependencies": {
    "animate.css": {
      "version": "3.7.0",
      "resolved": "http://registry.npm.taobao.org/animate.css/download/animate.css-3.7.0.tgz",
      "integrity": "sha1-XeJdHuX7oRumoeLE+laPUS631No="
    },
    "moment": {
      "version": "2.23.0",
      "resolved": "http://registry.npm.taobao.org/moment/download/moment-2.23.0.tgz",
      "integrity": "sha512-3IE39bHVqFbWWaPOMHZF98Q9c3LDKGTmypMiTM2QygGXXElkFWIH7GxfmlwmY2vwa+wmNsoYZmG2iusf1ZjJoA=="
    },
    "onfire.js": {
      "version": "1.0.6",
      "resolved": "http://registry.npm.taobao.org/onfire.js/download/onfire.js-1.0.6.tgz",
      "integrity": "sha512-3gNT3sH6qhya7v/FmWBsSe+0D7/fcTaS+cqdJVDUx8Rd8OE5IVOZllHrgfjGYocNM4bKnT+Ncdc8V3RqWyziEA=="
    },
    "swiper": {
      "version": "4.4.5",
      "resolved": "http://registry.npm.taobao.org/swiper/download/swiper-4.4.5.tgz",
      "integrity": "sha512-NgWvKR5OSvlKVd/G+zpUek/ZfcvweTVALkWmr53rUo46E0i2Pkmiv8NlrlFbV+oky5+5W/Tnvpsp1ZwnzY1Y9A==",
      "requires": {
        "dom7": "^2.1.2",
        "ssr-window": "^1.0.1"
      },
      "dependencies": {
        "dom7": {
          "version": "2.1.2",
          "resolved": "http://registry.npm.taobao.org/dom7/download/dom7-2.1.2.tgz",
          "integrity": "sha512-cGwWtpu7KY3JnbREGqG4EGC/u+1hyLfWVMqrqRjmwiO8d5i4B+0imLZAQ/cJbiXnjbs0pdIUzcUyeI9BbnyKNg==",
          "requires": {
            "ssr-window": "^1.0.1"
          },
          "dependencies": {
            "ssr-window": {
              "version": "1.0.1",
              "resolved": "http://registry.npm.taobao.org/ssr-window/download/ssr-window-1.0.1.tgz",
              "integrity": "sha512-dgFqB+f00LJTEgb6UXhx0h+SrG50LJvti2yMKMqAgzfUmUXZrLSv2fjULF7AWGwK25EXu8+smLR3jYsJQChPsg=="
            }
          }
        },
        "ssr-window": {
          "version": "1.0.1",
          "resolved": "http://registry.npm.taobao.org/ssr-window/download/ssr-window-1.0.1.tgz",
          "integrity": "sha512-dgFqB+f00LJTEgb6UXhx0h+SrG50LJvti2yMKMqAgzfUmUXZrLSv2fjULF7AWGwK25EXu8+smLR3jYsJQChPsg=="
        }
      }
    }
  }
}
